// !$*UTF8*$!
{
	archiveVersion = 1;
	classes = {
	};
	objectVersion = 46;
	objects = {

/* Begin PBXBuildFile section */
		C39E353B1E8A4B0700CFCE11 /* LoginViewController.swift in Sources */ = {isa = PBXBuildFile; fileRef = C39E353A1E8A4B0700CFCE11 /* LoginViewController.swift */; };
		C3EE192C1E447452004389A7 /* AppDelegate.swift in Sources */ = {isa = PBXBuildFile; fileRef = C3EE192B1E447452004389A7 /* AppDelegate.swift */; };
		C3EE192E1E447452004389A7 /* ViewController.swift in Sources */ = {isa = PBXBuildFile; fileRef = C3EE192D1E447452004389A7 /* ViewController.swift */; };
		C3EE19311E447452004389A7 /* Main.storyboard in Resources */ = {isa = PBXBuildFile; fileRef = C3EE192F1E447452004389A7 /* Main.storyboard */; };
		C3EE19331E447452004389A7 /* Assets.xcassets in Resources */ = {isa = PBXBuildFile; fileRef = C3EE19321E447452004389A7 /* Assets.xcassets */; };
		C3EE19361E447452004389A7 /* LaunchScreen.storyboard in Resources */ = {isa = PBXBuildFile; fileRef = C3EE19341E447452004389A7 /* LaunchScreen.storyboard */; };
		C3EE19411E447453004389A7 /* WhipTests.swift in Sources */ = {isa = PBXBuildFile; fileRef = C3EE19401E447453004389A7 /* WhipTests.swift */; };
		C3EE194C1E447453004389A7 /* WhipUITests.swift in Sources */ = {isa = PBXBuildFile; fileRef = C3EE194B1E447453004389A7 /* WhipUITests.swift */; };
		C3EEA2861E8014AF00F57028 /* 17122316_1257938337629755_1860947787_o.png in Resources */ = {isa = PBXBuildFile; fileRef = C3EEA2841E8014AF00F57028 /* 17122316_1257938337629755_1860947787_o.png */; };
		C3EEA2871E8014AF00F57028 /* 17349463_1265716170185305_931509454_o.png in Resources */ = {isa = PBXBuildFile; fileRef = C3EEA2851E8014AF00F57028 /* 17349463_1265716170185305_931509454_o.png */; };
/* End PBXBuildFile section */

/* Begin PBXContainerItemProxy section */
		C3EE193D1E447453004389A7 /* PBXContainerItemProxy */ = {
			isa = PBXContainerItemProxy;
			containerPortal = C3EE19201E447452004389A7 /* Project object */;
			proxyType = 1;
			remoteGlobalIDString = C3EE19271E447452004389A7;
			remoteInfo = Whip;
		};
		C3EE19481E447453004389A7 /* PBXContainerItemProxy */ = {
			isa = PBXContainerItemProxy;
			containerPortal = C3EE19201E447452004389A7 /* Project object */;
			proxyType = 1;
			remoteGlobalIDString = C3EE19271E447452004389A7;
			remoteInfo = Whip;
		};
/* End PBXContainerItemProxy section */

/* Begin PBXFileReference section */
		C39E353A1E8A4B0700CFCE11 /* LoginViewController.swift */ = {isa = PBXFileReference; fileEncoding = 4; lastKnownFileType = sourcecode.swift; path = LoginViewController.swift; sourceTree = "<group>"; };
		C3EE19281E447452004389A7 /* Whip.app */ = {isa = PBXFileReference; explicitFileType = wrapper.application; includeInIndex = 0; path = Whip.app; sourceTree = BUILT_PRODUCTS_DIR; };
		C3EE192B1E447452004389A7 /* AppDelegate.swift */ = {isa = PBXFileReference; lastKnownFileType = sourcecode.swift; path = AppDelegate.swift; sourceTree = "<group>"; };
		C3EE192D1E447452004389A7 /* ViewController.swift */ = {isa = PBXFileReference; lastKnownFileType = sourcecode.swift; path = ViewController.swift; sourceTree = "<group>"; };
		C3EE19301E447452004389A7 /* Base */ = {isa = PBXFileReference; lastKnownFileType = file.storyboard; name = Base; path = Base.lproj/Main.storyboard; sourceTree = "<group>"; };
		C3EE19321E447452004389A7 /* Assets.xcassets */ = {isa = PBXFileReference; lastKnownFileType = folder.assetcatalog; path = Assets.xcassets; sourceTree = "<group>"; };
		C3EE19351E447452004389A7 /* Base */ = {isa = PBXFileReference; lastKnownFileType = file.storyboard; name = Base; path = Base.lproj/LaunchScreen.storyboard; sourceTree = "<group>"; };
		C3EE19371E447452004389A7 /* Info.plist */ = {isa = PBXFileReference; lastKnownFileType = text.plist.xml; path = Info.plist; sourceTree = "<group>"; };
		C3EE193C1E447453004389A7 /* WhipTests.xctest */ = {isa = PBXFileReference; explicitFileType = wrapper.cfbundle; includeInIndex = 0; path = WhipTests.xctest; sourceTree = BUILT_PRODUCTS_DIR; };
		C3EE19401E447453004389A7 /* WhipTests.swift */ = {isa = PBXFileReference; lastKnownFileType = sourcecode.swift; path = WhipTests.swift; sourceTree = "<group>"; };
		C3EE19421E447453004389A7 /* Info.plist */ = {isa = PBXFileReference; lastKnownFileType = text.plist.xml; path = Info.plist; sourceTree = "<group>"; };
		C3EE19471E447453004389A7 /* WhipUITests.xctest */ = {isa = PBXFileReference; explicitFileType = wrapper.cfbundle; includeInIndex = 0; path = WhipUITests.xctest; sourceTree = BUILT_PRODUCTS_DIR; };
		C3EE194B1E447453004389A7 /* WhipUITests.swift */ = {isa = PBXFileReference; lastKnownFileType = sourcecode.swift; path = WhipUITests.swift; sourceTree = "<group>"; };
		C3EE194D1E447453004389A7 /* Info.plist */ = {isa = PBXFileReference; lastKnownFileType = text.plist.xml; path = Info.plist; sourceTree = "<group>"; };
		C3EEA2841E8014AF00F57028 /* 17122316_1257938337629755_1860947787_o.png */ = {isa = PBXFileReference; lastKnownFileType = image.png; path = 17122316_1257938337629755_1860947787_o.png; sourceTree = SOURCE_ROOT; };
		C3EEA2851E8014AF00F57028 /* 17349463_1265716170185305_931509454_o.png */ = {isa = PBXFileReference; lastKnownFileType = image.png; path = 17349463_1265716170185305_931509454_o.png; sourceTree = SOURCE_ROOT; };
/* End PBXFileReference section */

/* Begin PBXFrameworksBuildPhase section */
		C3EE19251E447452004389A7 /* Frameworks */ = {
			isa = PBXFrameworksBuildPhase;
			buildActionMask = 2147483647;
			files = (
			);
			runOnlyForDeploymentPostprocessing = 0;
		};
		C3EE19391E447453004389A7 /* Frameworks */ = {
			isa = PBXFrameworksBuildPhase;
			buildActionMask = 2147483647;
			files = (
			);
			runOnlyForDeploymentPostprocessing = 0;
		};
		C3EE19441E447453004389A7 /* Frameworks */ = {
			isa = PBXFrameworksBuildPhase;
			buildActionMask = 2147483647;
			files = (
			);
			runOnlyForDeploymentPostprocessing = 0;
		};
/* End PBXFrameworksBuildPhase section */

/* Begin PBXGroup section */
		C3EE191F1E447452004389A7 = {
			isa = PBXGroup;
			children = (
				C3EE192A1E447452004389A7 /* Whip */,
				C3EE193F1E447453004389A7 /* WhipTests */,
				C3EE194A1E447453004389A7 /* WhipUITests */,
				C3EE19291E447452004389A7 /* Products */,
			);
			sourceTree = "<group>";
		};
		C3EE19291E447452004389A7 /* Products */ = {
			isa = PBXGroup;
			children = (
				C3EE19281E447452004389A7 /* Whip.app */,
				C3EE193C1E447453004389A7 /* WhipTests.xctest */,
				C3EE19471E447453004389A7 /* WhipUITests.xctest */,
			);
			name = Products;
			sourceTree = "<group>";
		};
		C3EE192A1E447452004389A7 /* Whip */ = {
			isa = PBXGroup;
			children = (
				C3EE192B1E447452004389A7 /* AppDelegate.swift */,
				C39E353A1E8A4B0700CFCE11 /* LoginViewController.swift */,
				C3EE192D1E447452004389A7 /* ViewController.swift */,
				C3EE192F1E447452004389A7 /* Main.storyboard */,
				C3EEA2841E8014AF00F57028 /* 17122316_1257938337629755_1860947787_o.png */,
				C3EEA2851E8014AF00F57028 /* 17349463_1265716170185305_931509454_o.png */,
				C3EE19321E447452004389A7 /* Assets.xcassets */,
				C3EE19341E447452004389A7 /* LaunchScreen.storyboard */,
				C3EE19371E447452004389A7 /* Info.plist */,
			);
			path = Whip;
			sourceTree = "<group>";
		};
		C3EE193F1E447453004389A7 /* WhipTests */ = {
			isa = PBXGroup;
			children = (
				C3EE19401E447453004389A7 /* WhipTests.swift */,
				C3EE19421E447453004389A7 /* Info.plist */,
			);
			path = WhipTests;
			sourceTree = "<group>";
		};
		C3EE194A1E447453004389A7 /* WhipUITests */ = {
			isa = PBXGroup;
			children = (
				C3EE194B1E447453004389A7 /* WhipUITests.swift */,
				C3EE194D1E447453004389A7 /* Info.plist */,
			);
			path = WhipUITests;
			sourceTree = "<group>";
		};
/* End PBXGroup section */

/* Begin PBXNativeTarget section */
		C3EE19271E447452004389A7 /* Whip */ = {
			isa = PBXNativeTarget;
			buildConfigurationList = C3EE19501E447453004389A7 /* Build configuration list for PBXNativeTarget "Whip" */;
			buildPhases = (
				C3EE19241E447452004389A7 /* Sources */,
				C3EE19251E447452004389A7 /* Frameworks */,
				C3EE19261E447452004389A7 /* Resources */,
			);
			buildRules = (
			);
			dependencies = (
			);
			name = Whip;
			productName = Whip;
			productReference = C3EE19281E447452004389A7 /* Whip.app */;
			productType = "com.apple.product-type.application";
		};
		C3EE193B1E447453004389A7 /* WhipTests */ = {
			isa = PBXNativeTarget;
			buildConfigurationList = C3EE19531E447453004389A7 /* Build configuration list for PBXNativeTarget "WhipTests" */;
			buildPhases = (
				C3EE19381E447453004389A7 /* Sources */,
				C3EE19391E447453004389A7 /* Frameworks */,
				C3EE193A1E447453004389A7 /* Resources */,
			);
			buildRules = (
			);
			dependencies = (
				C3EE193E1E447453004389A7 /* PBXTargetDependency */,
			);
			name = WhipTests;
			productName = WhipTests;
			productReference = C3EE193C1E447453004389A7 /* WhipTests.xctest */;
			productType = "com.apple.product-type.bundle.unit-test";
		};
		C3EE19461E447453004389A7 /* WhipUITests */ = {
			isa = PBXNativeTarget;
			buildConfigurationList = C3EE19561E447453004389A7 /* Build configuration list for PBXNativeTarget "WhipUITests" */;
			buildPhases = (
				C3EE19431E447453004389A7 /* Sources */,
				C3EE19441E447453004389A7 /* Frameworks */,
				C3EE19451E447453004389A7 /* Resources */,
			);
			buildRules = (
			);
			dependencies = (
				C3EE19491E447453004389A7 /* PBXTargetDependency */,
			);
			name = WhipUITests;
			productName = WhipUITests;
			productReference = C3EE19471E447453004389A7 /* WhipUITests.xctest */;
			productType = "com.apple.product-type.bundle.ui-testing";
		};
/* End PBXNativeTarget section */

/* Begin PBXProject section */
		C3EE19201E447452004389A7 /* Project object */ = {
			isa = PBXProject;
			attributes = {
				LastSwiftUpdateCheck = 0820;
				LastUpgradeCheck = 0820;
				ORGANIZATIONNAME = "Chère";
				TargetAttributes = {
					C3EE19271E447452004389A7 = {
						CreatedOnToolsVersion = 8.2.1;
						DevelopmentTeam = 37ERX2RQDE;
						ProvisioningStyle = Automatic;
					};
					C3EE193B1E447453004389A7 = {
						CreatedOnToolsVersion = 8.2.1;
						DevelopmentTeam = 37ERX2RQDE;
						ProvisioningStyle = Automatic;
						TestTargetID = C3EE19271E447452004389A7;
					};
					C3EE19461E447453004389A7 = {
						CreatedOnToolsVersion = 8.2.1;
						DevelopmentTeam = 37ERX2RQDE;
						ProvisioningStyle = Automatic;
						TestTargetID = C3EE19271E447452004389A7;
					};
				};
			};
			buildConfigurationList = C3EE19231E447452004389A7 /* Build configuration list for PBXProject "Whip" */;
			compatibilityVersion = "Xcode 3.2";
			developmentRegion = English;
			hasScannedForEncodings = 0;
			knownRegions = (
				en,
				Base,
			);
			mainGroup = C3EE191F1E447452004389A7;
			productRefGroup = C3EE19291E447452004389A7 /* Products */;
			projectDirPath = "";
			projectRoot = "";
			targets = (
				C3EE19271E447452004389A7 /* Whip */,
				C3EE193B1E447453004389A7 /* WhipTests */,
				C3EE19461E447453004389A7 /* WhipUITests */,
			);
		};
/* End PBXProject section */

/* Begin PBXResourcesBuildPhase section */
		C3EE19261E447452004389A7 /* Resources */ = {
			isa = PBXResourcesBuildPhase;
			buildActionMask = 2147483647;
			files = (
				C3EE19361E447452004389A7 /* LaunchScreen.storyboard in Resources */,
				C3EEA2861E8014AF00F57028 /* 17122316_1257938337629755_1860947787_o.png in Resources */,
				C3EE19331E447452004389A7 /* Assets.xcassets in Resources */,
				C3EE19311E447452004389A7 /* Main.storyboard in Resources */,
				C3EEA2871E8014AF00F57028 /* 17349463_1265716170185305_931509454_o.png in Resources */,
			);
			runOnlyForDeploymentPostprocessing = 0;
		};
		C3EE193A1E447453004389A7 /* Resources */ = {
			isa = PBXResourcesBuildPhase;
			buildActionMask = 2147483647;
			files = (
			);
			runOnlyForDeploymentPostprocessing = 0;
		};
		C3EE19451E447453004389A7 /* Resources */ = {
			isa = PBXResourcesBuildPhase;
			buildActionMask = 2147483647;
			files = (
			);
			runOnlyForDeploymentPostprocessing = 0;
		};
/* End PBXResourcesBuildPhase section */

/* Begin PBXSourcesBuildPhase section */
		C3EE19241E447452004389A7 /* Sources */ = {
			isa = PBXSourcesBuildPhase;
			buildActionMask = 2147483647;
			files = (
				C39E353B1E8A4B0700CFCE11 /* LoginViewController.swift in Sources */,
				C3EE192E1E447452004389A7 /* ViewController.swift in Sources */,
				C3EE192C1E447452004389A7 /* AppDelegate.swift in Sources */,
			);
			runOnlyForDeploymentPostprocessing = 0;
		};
		C3EE19381E447453004389A7 /* Sources */ = {
			isa = PBXSourcesBuildPhase;
			buildActionMask = 2147483647;
			files = (
				C3EE19411E447453004389A7 /* WhipTests.swift in Sources */,
			);
			runOnlyForDeploymentPostprocessing = 0;
		};
		C3EE19431E447453004389A7 /* Sources */ = {
			isa = PBXSourcesBuildPhase;
			buildActionMask = 2147483647;
			files = (
				C3EE194C1E447453004389A7 /* WhipUITests.swift in Sources */,
			);
			runOnlyForDeploymentPostprocessing = 0;
		};
/* End PBXSourcesBuildPhase section */

/* Begin PBXTargetDependency section */
		C3EE193E1E447453004389A7 /* PBXTargetDependency */ = {
			isa = PBXTargetDependency;
			target = C3EE19271E447452004389A7 /* Whip */;
			targetProxy = C3EE193D1E447453004389A7 /* PBXContainerItemProxy */;
		};
		C3EE19491E447453004389A7 /* PBXTargetDependency */ = {
			isa = PBXTargetDependency;
			target = C3EE19271E447452004389A7 /* Whip */;
			targetProxy = C3EE19481E447453004389A7 /* PBXContainerItemProxy */;
		};
/* End PBXTargetDependency section */

/* Begin PBXVariantGroup section */
		C3EE192F1E447452004389A7 /* Main.storyboard */ = {
			isa = PBXVariantGroup;
			children = (
				C3EE19301E447452004389A7 /* Base */,
			);
			name = Main.storyboard;
			sourceTree = "<group>";
		};
		C3EE19341E447452004389A7 /* LaunchScreen.storyboard */ = {
			isa = PBXVariantGroup;
			children = (
				C3EE19351E447452004389A7 /* Base */,
			);
			name = LaunchScreen.storyboard;
			sourceTree = "<group>";
		};
/* End PBXVariantGroup section */

/* Begin XCBuildConfiguration section */
		C3EE194E1E447453004389A7 /* Debug */ = {
			isa = XCBuildConfiguration;
			buildSettings = {
				ALWAYS_SEARCH_USER_PATHS = NO;
				CLANG_ANALYZER_NONNULL = YES;
				CLANG_CXX_LANGUAGE_STANDARD = "gnu++0x";
				CLANG_CXX_LIBRARY = "libc++";
				CLANG_ENABLE_MODULES = YES;
				CLANG_ENABLE_OBJC_ARC = YES;
				CLANG_WARN_BOOL_CONVERSION = YES;
				CLANG_WARN_CONSTANT_CONVERSION = YES;
				CLANG_WARN_DIRECT_OBJC_ISA_USAGE = YES_ERROR;
				CLANG_WARN_DOCUMENTATION_COMMENTS = YES;
				CLANG_WARN_EMPTY_BODY = YES;
				CLANG_WARN_ENUM_CONVERSION = YES;
				CLANG_WARN_INFINITE_RECURSION = YES;
				CLANG_WARN_INT_CONVERSION = YES;
				CLANG_WARN_OBJC_ROOT_CLASS = YES_ERROR;
				CLANG_WARN_SUSPICIOUS_MOVE = YES;
				CLANG_WARN_UNREACHABLE_CODE = YES;
				CLANG_WARN__DUPLICATE_METHOD_MATCH = YES;
				"CODE_SIGN_IDENTITY[sdk=iphoneos*]" = "iPhone Developer";
				COPY_PHASE_STRIP = NO;
				DEBUG_INFORMATION_FORMAT = dwarf;
				ENABLE_STRICT_OBJC_MSGSEND = YES;
				ENABLE_TESTABILITY = YES;
				GCC_C_LANGUAGE_STANDARD = gnu99;
				GCC_DYNAMIC_NO_PIC = NO;
				GCC_NO_COMMON_BLOCKS = YES;
				GCC_OPTIMIZATION_LEVEL = 0;
				GCC_PREPROCESSOR_DEFINITIONS = (
					"DEBUG=1",
					"$(inherited)",
				);
				GCC_WARN_64_TO_32_BIT_CONVERSION = YES;
				GCC_WARN_ABOUT_RETURN_TYPE = YES_ERROR;
				GCC_WARN_UNDECLARED_SELECTOR = YES;
				GCC_WARN_UNINITIALIZED_AUTOS = YES_AGGRESSIVE;
				GCC_WARN_UNUSED_FUNCTION = YES;
				GCC_WARN_UNUSED_VARIABLE = YES;
				IPHONEOS_DEPLOYMENT_TARGET = 10.2;
				MTL_ENABLE_DEBUG_INFO = YES;
				ONLY_ACTIVE_ARCH = YES;
				SDKROOT = iphoneos;
				SWIFT_ACTIVE_COMPILATION_CONDITIONS = DEBUG;
				SWIFT_OPTIMIZATION_LEVEL = "-Onone";
				TARGETED_DEVICE_FAMILY = "1,2";
			};
			name = Debug;
		};
		C3EE194F1E447453004389A7 /* Release */ = {
			isa = XCBuildConfiguration;
			buildSettings = {
				ALWAYS_SEARCH_USER_PATHS = NO;
				CLANG_ANALYZER_NONNULL = YES;
				CLANG_CXX_LANGUAGE_STANDARD = "gnu++0x";
				CLANG_CXX_LIBRARY = "libc++";
				CLANG_ENABLE_MODULES = YES;
				CLANG_ENABLE_OBJC_ARC = YES;
				CLANG_WARN_BOOL_CONVERSION = YES;
				CLANG_WARN_CONSTANT_CONVERSION = YES;
				CLANG_WARN_DIRECT_OBJC_ISA_USAGE = YES_ERROR;
				CLANG_WARN_DOCUMENTATION_COMMENTS = YES;
				CLANG_WARN_EMPTY_BODY = YES;
				CLANG_WARN_ENUM_CONVERSION = YES;
				CLANG_WARN_INFINITE_RECURSION = YES;
				CLANG_WARN_INT_CONVERSION = YES;
				CLANG_WARN_OBJC_ROOT_CLASS = YES_ERROR;
				CLANG_WARN_SUSPICIOUS_MOVE = YES;
				CLANG_WARN_UNREACHABLE_CODE = YES;
				CLANG_WARN__DUPLICATE_METHOD_MATCH = YES;
				"CODE_SIGN_IDENTITY[sdk=iphoneos*]" = "iPhone Developer";
				COPY_PHASE_STRIP = NO;
				DEBUG_INFORMATION_FORMAT = "dwarf-with-dsym";
				ENABLE_NS_ASSERTIONS = NO;
				ENABLE_STRICT_OBJC_MSGSEND = YES;
				GCC_C_LANGUAGE_STANDARD = gnu99;
				GCC_NO_COMMON_BLOCKS = YES;
				GCC_WARN_64_TO_32_BIT_CONVERSION = YES;
				GCC_WARN_ABOUT_RETURN_TYPE = YES_ERROR;
				GCC_WARN_UNDECLARED_SELECTOR = YES;
				GCC_WARN_UNINITIALIZED_AUTOS = YES_AGGRESSIVE;
				GCC_WARN_UNUSED_FUNCTION = YES;
				GCC_WARN_UNUSED_VARIABLE = YES;
				IPHONEOS_DEPLOYMENT_TARGET = 10.2;
				MTL_ENABLE_DEBUG_INFO = NO;
				SDKROOT = iphoneos;
				SWIFT_OPTIMIZATION_LEVEL = "-Owholemodule";
				TARGETED_DEVICE_FAMILY = "1,2";
				VALIDATE_PRODUCT = YES;
			};
			name = Release;
		};
		C3EE19511E447453004389A7 /* Debug */ = {
			isa = XCBuildConfiguration;
			buildSettings = {
				ASSETCATALOG_COMPILER_APPICON_NAME = AppIcon;
				DEVELOPMENT_TEAM = 37ERX2RQDE;
				INFOPLIST_FILE = Whip/Info.plist;
				LD_RUNPATH_SEARCH_PATHS = "$(inherited) @executable_path/Frameworks";
				PRODUCT_BUNDLE_IDENTIFIER = Kanj.Whip;
				PRODUCT_NAME = "$(TARGET_NAME)";
				SWIFT_VERSION = 3.0;
			};
			name = Debug;
		};
		C3EE19521E447453004389A7 /* Release */ = {
			isa = XCBuildConfiguration;
			buildSettings = {
				ASSETCATALOG_COMPILER_APPICON_NAME = AppIcon;
				DEVELOPMENT_TEAM = 37ERX2RQDE;
				INFOPLIST_FILE = Whip/Info.plist;
				LD_RUNPATH_SEARCH_PATHS = "$(inherited) @executable_path/Frameworks";
				PRODUCT_BUNDLE_IDENTIFIER = Kanj.Whip;
				PRODUCT_NAME = "$(TARGET_NAME)";
				SWIFT_VERSION = 3.0;
			};
			name = Release;
		};
		C3EE19541E447453004389A7 /* Debug */ = {
			isa = XCBuildConfiguration;
			buildSettings = {
				ALWAYS_EMBED_SWIFT_STANDARD_LIBRARIES = YES;
				BUNDLE_LOADER = "$(TEST_HOST)";
				DEVELOPMENT_TEAM = 37ERX2RQDE;
				INFOPLIST_FILE = WhipTests/Info.plist;
				LD_RUNPATH_SEARCH_PATHS = "$(inherited) @executable_path/Frameworks @loader_path/Frameworks";
				PRODUCT_BUNDLE_IDENTIFIER = Kanj.WhipTests;
				PRODUCT_NAME = "$(TARGET_NAME)";
				SWIFT_VERSION = 3.0;
				TEST_HOST = "$(BUILT_PRODUCTS_DIR)/Whip.app/Whip";
			};
			name = Debug;
		};
		C3EE19551E447453004389A7 /* Release */ = {
			isa = XCBuildConfiguration;
			buildSettings = {
				ALWAYS_EMBED_SWIFT_STANDARD_LIBRARIES = YES;
				BUNDLE_LOADER = "$(TEST_HOST)";
				DEVELOPMENT_TEAM = 37ERX2RQDE;
				INFOPLIST_FILE = WhipTests/Info.plist;
				LD_RUNPATH_SEARCH_PATHS = "$(inherited) @executable_path/Frameworks @loader_path/Frameworks";
				PRODUCT_BUNDLE_IDENTIFIER = Kanj.WhipTests;
				PRODUCT_NAME = "$(TARGET_NAME)";
				SWIFT_VERSION = 3.0;
				TEST_HOST = "$(BUILT_PRODUCTS_DIR)/Whip.app/Whip";
			};
			name = Release;
		};
		C3EE19571E447453004389A7 /* Debug */ = {
			isa = XCBuildConfiguration;
			buildSettings = {
				ALWAYS_EMBED_SWIFT_STANDARD_LIBRARIES = YES;
				DEVELOPMENT_TEAM = 37ERX2RQDE;
				INFOPLIST_FILE = WhipUITests/Info.plist;
				LD_RUNPATH_SEARCH_PATHS = "$(inherited) @executable_path/Frameworks @loader_path/Frameworks";
				PRODUCT_BUNDLE_IDENTIFIER = Kanj.WhipUITests;
				PRODUCT_NAME = "$(TARGET_NAME)";
				SWIFT_VERSION = 3.0;
				TEST_TARGET_NAME = Whip;
			};
			name = Debug;
		};
		C3EE19581E447453004389A7 /* Release */ = {
			isa = XCBuildConfiguration;
			buildSettings = {
				ALWAYS_EMBED_SWIFT_STANDARD_LIBRARIES = YES;
				DEVELOPMENT_TEAM = 37ERX2RQDE;
				INFOPLIST_FILE = WhipUITests/Info.plist;
				LD_RUNPATH_SEARCH_PATHS = "$(inherited) @executable_path/Frameworks @loader_path/Frameworks";
				PRODUCT_BUNDLE_IDENTIFIER = Kanj.WhipUITests;
				PRODUCT_NAME = "$(TARGET_NAME)";
				SWIFT_VERSION = 3.0;
				TEST_TARGET_NAME = Whip;
			};
			name = Release;
		};
/* End XCBuildConfiguration section */

/* Begin XCConfigurationList section */
		C3EE19231E447452004389A7 /* Build configuration list for PBXProject "Whip" */ = {
			isa = XCConfigurationList;
			buildConfigurations = (
				C3EE194E1E447453004389A7 /* Debug */,
				C3EE194F1E447453004389A7 /* Release */,
			);
			defaultConfigurationIsVisible = 0;
			defaultConfigurationName = Release;
		};
		C3EE19501E447453004389A7 /* Build configuration list for PBXNativeTarget "Whip" */ = {
			isa = XCConfigurationList;
			buildConfigurations = (
				C3EE19511E447453004389A7 /* Debug */,
				C3EE19521E447453004389A7 /* Release */,
			);
			defaultConfigurationIsVisible = 0;
			defaultConfigurationName = Release;
		};
		C3EE19531E447453004389A7 /* Build configuration list for PBXNativeTarget "WhipTests" */ = {
			isa = XCConfigurationList;
			buildConfigurations = (
				C3EE19541E447453004389A7 /* Debug */,
				C3EE19551E447453004389A7 /* Release */,
			);
			defaultConfigurationIsVisible = 0;
			defaultConfigurationName = Release;
		};
		C3EE19561E447453004389A7 /* Build configuration list for PBXNativeTarget "WhipUITests" */ = {
			isa = XCConfigurationList;
			buildConfigurations = (
				C3EE19571E447453004389A7 /* Debug */,
				C3EE19581E447453004389A7 /* Release */,
			);
			defaultConfigurationIsVisible = 0;
			defaultConfigurationName = Release;
		};
/* End XCConfigurationList section */
	};
	rootObject = C3EE19201E447452004389A7 /* Project object */;
}
